Microsoft Visual Studio Solution File, Format Version 11.00
# Visual Studio 2008

Project("{D98ED099-6F6D-1587-7DB8-D8762CE48047}") = "Roll-a-Ball---MiniGame", "Assembly-CSharp.csproj", "{E540C3C2-16D7-9D1C-D121-4B238BB4CF48}"
EndProject
Global
	GlobalSection(SolutionConfigurationPlatforms) = preSolution
		Debug|Any CPU = Debug|Any CPU
		Release|Any CPU = Release|Any CPU
	EndGlobalSection
	GlobalSection(ProjectConfigurationPlatforms) = postSolution
		{E540C3C2-16D7-9D1C-D121-4B238BB4CF48}.Debug|Any CPU.ActiveCfg = Debug|Any CPU
		{E540C3C2-16D7-9D1C-D121-4B238BB4CF48}.Debug|Any CPU.Build.0 = Debug|Any CPU
		{E540C3C2-16D7-9D1C-D121-4B238BB4CF48}.Release|Any CPU.ActiveCfg = Release|Any CPU
		{E540C3C2-16D7-9D1C-D121-4B238BB4CF48}.Release|Any CPU.Build.0 = Release|Any CPU
	EndGlobalSection
	GlobalSection(SolutionProperties) = preSolution
		HideSolutionNode = FALSE
	EndGlobalSection
	GlobalSection(MonoDevelopProperties) = preSolution
		StartupItem = Assembly-CSharp.csproj
		Policies = $0
		$0.TextStylePolicy = $1
		$1.inheritsSet = null
		$1.scope = text/x-csharp
		$0.CSharpFormattingPolicy = $2
		$2.inheritsSet = Mono
		$2.inheritsScope = text/x-csharp
		$2.scope = text/x-csharp
		$0.TextStylePolicy = $3
		$3.FileWidth = 120
		$3.TabWidth = 4
		$3.IndentWidth = 4
		$3.EolMarker = Unix
		$3.inheritsSet = Mono
		$3.inheritsScope = text/plain
		$3.scope = text/plain
	EndGlobalSection
EndGlobal
